
Microsoft Visual Studio Solution File, Format Version 12.00
# Visual Studio Version 16
VisualStudioVersion = 16.0.31129.286
MinimumVisualStudioVersion = 10.0.40219.1
Project("{FAE04EC0-301F-11D3-BF4B-00C04F79EFBC}") = "KemberModel", "KemberModel\KemberModel.csproj", "{34DFA986-BB4C-41F1-98F3-BD38803041FE}"
EndProject
Global
	GlobalSection(SolutionConfigurationPlatforms) = preSolution
		Debug|Any CPU = Debug|Any CPU
		Release|Any CPU = Release|Any CPU
	EndGlobalSection
	GlobalSection(ProjectConfigurationPlatforms) = postSolution
		{34DFA986-BB4C-41F1-98F3-BD38803041FE}.Debug|Any CPU.ActiveCfg = Debug|Any CPU
		{34DFA986-BB4C-41F1-98F3-BD38803041FE}.Debug|Any CPU.Build.0 = Debug|Any CPU
		{34DFA986-BB4C-41F1-98F3-BD38803041FE}.Release|Any CPU.ActiveCfg = Release|Any CPU
		{34DFA986-BB4C-41F1-98F3-BD38803041FE}.Release|Any CPU.Build.0 = Release|Any CPU
	EndGlobalSection
	GlobalSection(SolutionProperties) = preSolution
		HideSolutionNode = FALSE
	EndGlobalSection
	GlobalSection(ExtensibilityGlobals) = postSolution
		SolutionGuid = {D8BF0584-ECD7-4F99-A1B8-C8379A34A7BE}
	EndGlobalSection
EndGlobal
